<?xml version="1.0" encoding="utf-8"?>
<Project ToolsVersion="4.0" xmlns="http://schemas.microsoft.com/developer/msbuild/2003">
  <ItemGroup>
    <Filter Include="소스 파일">
      <UniqueIdentifier>{4FC737F1-C7A5-4376-A066-2A32D752A2FF}</UniqueIdentifier>
      <Extensions>cpp;c;cc;cxx;c++;cppm;ixx;def;odl;idl;hpj;bat;asm;asmx</Extensions>
    </Filter>
    <Filter Include="헤더 파일">
      <UniqueIdentifier>{93995380-89BD-4b04-88EB-625FBE52EBFB}</UniqueIdentifier>
      <Extensions>h;hh;hpp;hxx;h++;hm;inl;inc;ipp;xsd</Extensions>
    </Filter>
    <Filter Include="리소스 파일">
      <UniqueIdentifier>{67DA6AB6-F800-4c08-8B7A-83BB121AAD01}</UniqueIdentifier>
      <Extensions>rc;ico;cur;bmp;dlg;rc2;rct;bin;rgs;gif;jpg;jpeg;jpe;resx;tiff;tif;png;wav;mfcribbon-ms</Extensions>
    </Filter>
    <Filter Include="소스 파일\Day_1">
      <UniqueIdentifier>{069f4f55-0980-443d-b923-79f9d429adbd}</UniqueIdentifier>
    </Filter>
    <Filter Include="소스 파일\Day_2">
      <UniqueIdentifier>{65fdba99-0f27-4fa7-8543-2134215862e2}</UniqueIdentifier>
    </Filter>
    <Filter Include="소스 파일\Day_3">
      <UniqueIdentifier>{bdc5e201-8fe8-42dd-a254-1581eb174192}</UniqueIdentifier>
    </Filter>
    <Filter Include="소스 파일\Day_4">
      <UniqueIdentifier>{6d2dd184-e0d3-4442-9d09-26f3fc8d9f52}</UniqueIdentifier>
    </Filter>
    <Filter Include="소스 파일\Day_5">
      <UniqueIdentifier>{069ba67b-aebc-4426-a71a-5563b57c91a6}</UniqueIdentifier>
    </Filter>
    <Filter Include="소스 파일\Day_6">
      <UniqueIdentifier>{90befcbd-26df-4f54-ac9d-d8d971064032}</UniqueIdentifier>
    </Filter>
    <Filter Include="소스 파일\Day_7">
      <UniqueIdentifier>{7c279085-b9d5-43d7-827b-c65425739253}</UniqueIdentifier>
    </Filter>
    <Filter Include="소스 파일\Day_8">
      <UniqueIdentifier>{4e8116b8-841f-4c66-8cd6-d826b7b6cedc}</UniqueIdentifier>
    </Filter>
    <Filter Include="소스 파일\Day_9">
      <UniqueIdentifier>{c62dfb65-0447-40e6-b427-acf0caabd7c6}</UniqueIdentifier>
    </Filter>
    <Filter Include="소스 파일\Day_10">
      <UniqueIdentifier>{3cf3c66d-32c6-4251-8ff4-f540ca3f0074}</UniqueIdentifier>
    </Filter>
    <Filter Include="소스 파일\Day_11">
      <UniqueIdentifier>{122457b5-4089-4489-b75d-a73897034717}</UniqueIdentifier>
    </Filter>
    <Filter Include="소스 파일\Day_12">
      <UniqueIdentifier>{8d9ad6e3-38d9-47c2-a61b-67f13413127f}</UniqueIdentifier>
    </Filter>
    <Filter Include="소스 파일\Day_13">
      <UniqueIdentifier>{f32a34e1-341b-4f8a-b4a0-c9971cc78455}</UniqueIdentifier>
    </Filter>
    <Filter Include="소스 파일\기출1">
      <UniqueIdentifier>{e142cc05-787a-4201-9236-f3eef2ad2a35}</UniqueIdentifier>
    </Filter>
    <Filter Include="소스 파일\기출2">
      <UniqueIdentifier>{99d358d4-828c-4e2e-ad32-19c5a6ca9e1f}</UniqueIdentifier>
    </Filter>
    <Filter Include="소스 파일\기출3">
      <UniqueIdentifier>{67fa89b1-9aae-404c-bebc-12174a284966}</UniqueIdentifier>
    </Filter>
    <Filter Include="소스 파일\기출4">
      <UniqueIdentifier>{28289ad5-ee10-4dda-83df-420c52b46232}</UniqueIdentifier>
    </Filter>
    <Filter Include="소스 파일\기출5">
      <UniqueIdentifier>{2e3748c9-8858-4034-9012-89f899d63aa2}</UniqueIdentifier>
    </Filter>
    <Filter Include="소스 파일\Day_14">
      <UniqueIdentifier>{82a2e617-b088-4b66-9512-7e0c5a847e05}</UniqueIdentifier>
    </Filter>
    <Filter Include="소스 파일\기말고사">
      <UniqueIdentifier>{2b21a152-c0ba-4751-a029-50604352d9a7}</UniqueIdentifier>
    </Filter>
  </ItemGroup>
  <ItemGroup>
    <ClCompile Include="국영수성적처리.c">
      <Filter>소스 파일\Day_1</Filter>
    </ClCompile>
    <ClCompile Include="정수나누기정수_정수나누기실수.c">
      <Filter>소스 파일\Day_2</Filter>
    </ClCompile>
    <ClCompile Include="리눅스로컴파일.c">
      <Filter>소스 파일\Day_1</Filter>
    </ClCompile>
    <ClCompile Include="floatdouble차이.c">
      <Filter>소스 파일\Day_1</Filter>
    </ClCompile>
    <ClCompile Include="입출력연습.c">
      <Filter>소스 파일\Day_1</Filter>
    </ClCompile>
    <ClCompile Include="VS컴파일연습.c">
      <Filter>소스 파일\Day_1</Filter>
    </ClCompile>
    <ClCompile Include="입출력입력복습.c">
      <Filter>소스 파일\Day_2</Filter>
    </ClCompile>
    <ClCompile Include="근의공식계산.c">
      <Filter>소스 파일\Day_2</Filter>
    </ClCompile>
    <ClCompile Include="ascii_code확인.c">
      <Filter>소스 파일\Day_2</Filter>
    </ClCompile>
    <ClCompile Include="년월일출력연습.c">
      <Filter>소스 파일\Day_2</Filter>
    </ClCompile>
    <ClCompile Include="scanf복습.c">
      <Filter>소스 파일\Day_3</Filter>
    </ClCompile>
    <ClCompile Include="asciicode복습.c">
      <Filter>소스 파일\Day_3</Filter>
    </ClCompile>
    <ClCompile Include="증가감소연산.c">
      <Filter>소스 파일\Day_3</Filter>
    </ClCompile>
    <ClCompile Include="if문출력확인.c">
      <Filter>소스 파일\Day_3</Filter>
    </ClCompile>
    <ClCompile Include="섭씨화씨변환코드.c">
      <Filter>소스 파일\Day_3</Filter>
    </ClCompile>
    <ClCompile Include="아스키복습2.c">
      <Filter>소스 파일\Day_4</Filter>
    </ClCompile>
    <ClCompile Include="if문복습.c">
      <Filter>소스 파일\Day_4</Filter>
    </ClCompile>
    <ClCompile Include="if조건포함복소수.c">
      <Filter>소스 파일\Day_4</Filter>
    </ClCompile>
    <ClCompile Include="sin_tan_cos함수.c">
      <Filter>소스 파일\Day_4</Filter>
    </ClCompile>
    <ClCompile Include="드모르간법칙.c">
      <Filter>소스 파일\Day_4</Filter>
    </ClCompile>
    <ClCompile Include="키몸무게.c">
      <Filter>소스 파일\Day_4</Filter>
    </ClCompile>
    <ClCompile Include="군대가말아.c">
      <Filter>소스 파일\Day_4</Filter>
    </ClCompile>
    <ClCompile Include="switch응용.c">
      <Filter>소스 파일\Day_4</Filter>
    </ClCompile>
    <ClCompile Include="switch응용2.c">
      <Filter>소스 파일\Day_5</Filter>
    </ClCompile>
    <ClCompile Include="switch응용3.c">
      <Filter>소스 파일\Day_5</Filter>
    </ClCompile>
    <ClCompile Include="while반복문응용.c">
      <Filter>소스 파일\Day_5</Filter>
    </ClCompile>
    <ClCompile Include="for반복문응용.c">
      <Filter>소스 파일\Day_5</Filter>
    </ClCompile>
    <ClCompile Include="for반복문응용2.c">
      <Filter>소스 파일\Day_5</Filter>
    </ClCompile>
    <ClCompile Include="for로factorial.c">
      <Filter>소스 파일\Day_5</Filter>
    </ClCompile>
    <ClCompile Include="for로fact해설.c">
      <Filter>소스 파일\Day_5</Filter>
    </ClCompile>
    <ClCompile Include="9단만들기.c">
      <Filter>소스 파일\Day_5</Filter>
    </ClCompile>
    <ClCompile Include="거꾸99단만들기.c">
      <Filter>소스 파일\Day_5</Filter>
    </ClCompile>
    <ClCompile Include="기출문제1.c">
      <Filter>소스 파일\Day_5</Filter>
    </ClCompile>
    <ClCompile Include="기출문제2.c">
      <Filter>소스 파일\Day_5</Filter>
    </ClCompile>
    <ClCompile Include="기출문제3.c">
      <Filter>소스 파일\Day_5</Filter>
    </ClCompile>
    <ClCompile Include="거꾸로기출문제.c">
      <Filter>소스 파일\Day_6</Filter>
    </ClCompile>
    <ClCompile Include="for문순서복습.c">
      <Filter>소스 파일\Day_6</Filter>
    </ClCompile>
    <ClCompile Include="디버깅연습.c">
      <Filter>소스 파일\Day_6</Filter>
    </ClCompile>
    <ClCompile Include="e^x계산.c">
      <Filter>소스 파일\Day_6</Filter>
    </ClCompile>
    <ClCompile Include="cos()구현.c">
      <Filter>소스 파일\Day_6</Filter>
    </ClCompile>
    <ClCompile Include="sin()구현.c">
      <Filter>소스 파일\Day_6</Filter>
    </ClCompile>
    <ClCompile Include="절대값함수만들기.c">
      <Filter>소스 파일\Day_6</Filter>
    </ClCompile>
    <ClCompile Include="여러함수같이.c">
      <Filter>소스 파일\Day_6</Filter>
    </ClCompile>
    <ClCompile Include="소문자를대문자로.c">
      <Filter>소스 파일\Day_6</Filter>
    </ClCompile>
    <ClCompile Include="대문자를소문자로.c">
      <Filter>소스 파일\Day_6</Filter>
    </ClCompile>
    <ClCompile Include="함수와주소복습.c">
      <Filter>소스 파일\Day_7</Filter>
    </ClCompile>
    <ClCompile Include="쁠쁠로컬사라짐.c">
      <Filter>소스 파일\Day_7</Filter>
    </ClCompile>
    <ClCompile Include="전역변수응용.c">
      <Filter>소스 파일\Day_7</Filter>
    </ClCompile>
    <ClCompile Include="register사용하면scanf망함.c">
      <Filter>소스 파일\Day_7</Filter>
    </ClCompile>
    <ClCompile Include="local_global_변수기출.c">
      <Filter>소스 파일\Day_7</Filter>
    </ClCompile>
    <ClCompile Include="재귀함수factorial.c">
      <Filter>소스 파일\Day_7</Filter>
    </ClCompile>
    <ClCompile Include="재귀함수series.c">
      <Filter>소스 파일\Day_7</Filter>
    </ClCompile>
    <ClCompile Include="static변수응용.c">
      <Filter>소스 파일\Day_7</Filter>
    </ClCompile>
    <ClCompile Include="array벡터연산.c">
      <Filter>소스 파일\Day_7</Filter>
    </ClCompile>
    <ClCompile Include="array단위벡터만들기.c">
      <Filter>소스 파일\Day_7</Filter>
    </ClCompile>
    <ClCompile Include="array포인터복습.c">
      <Filter>소스 파일\Day_8</Filter>
    </ClCompile>
    <ClCompile Include="factorial재귀함수.c">
      <Filter>소스 파일\Day_8</Filter>
    </ClCompile>
    <ClCompile Include="문자열초하수.c">
      <Filter>소스 파일\Day_8</Filter>
    </ClCompile>
    <ClCompile Include="문자열개수세기.c">
      <Filter>소스 파일\Day_8</Filter>
    </ClCompile>
    <ClCompile Include="문자열마지막문자찾기.c">
      <Filter>소스 파일\Day_8</Filter>
    </ClCompile>
    <ClCompile Include="1차원배열뻥튀기복습.c">
      <Filter>소스 파일\Day_9</Filter>
    </ClCompile>
    <ClCompile Include="사전식비교.c">
      <Filter>소스 파일\Day_9</Filter>
    </ClCompile>
    <ClCompile Include="문자열a뒤에b붙이기.c">
      <Filter>소스 파일\Day_9</Filter>
    </ClCompile>
    <ClCompile Include="재귀함수기출문제2.c">
      <Filter>소스 파일\Day_9</Filter>
    </ClCompile>
    <ClCompile Include="txt파일불러오기.c">
      <Filter>소스 파일\Day_9</Filter>
    </ClCompile>
    <ClCompile Include="text성적불러오기.c">
      <Filter>소스 파일\Day_10</Filter>
    </ClCompile>
    <ClCompile Include="행맨용파일.c">
      <Filter>소스 파일\Day_10</Filter>
    </ClCompile>
    <ClCompile Include="atio()문자열정수로바꾸기.c">
      <Filter>소스 파일\Day_8</Filter>
    </ClCompile>
    <ClCompile Include="한글자출력.c">
      <Filter>소스 파일\Day_10</Filter>
    </ClCompile>
    <ClCompile Include="포인터시작.c">
      <Filter>소스 파일\Day_10</Filter>
    </ClCompile>
    <ClCompile Include="2차원더하기배열.c">
      <Filter>소스 파일\Day_8</Filter>
    </ClCompile>
    <ClCompile Include="2차원transpose.c">
      <Filter>소스 파일\Day_8</Filter>
    </ClCompile>
    <ClCompile Include="문자열특징2.c">
      <Filter>소스 파일\Day_8</Filter>
    </ClCompile>
    <ClCompile Include="배열다시연습.c">
      <Filter>소스 파일\Day_11</Filter>
    </ClCompile>
    <ClCompile Include="swap열혈수준.c">
      <Filter>소스 파일\Day_11</Filter>
    </ClCompile>
    <ClCompile Include="swap배열처럼.c">
      <Filter>소스 파일\Day_11</Filter>
    </ClCompile>
    <ClCompile Include="포인터로str.c">
      <Filter>소스 파일\Day_11</Filter>
    </ClCompile>
    <ClCompile Include="포인터로cpy.c">
      <Filter>소스 파일\Day_11</Filter>
    </ClCompile>
    <ClCompile Include="포인터로len.c">
      <Filter>소스 파일\Day_11</Filter>
    </ClCompile>
    <ClCompile Include="포인터복습2.c">
      <Filter>소스 파일\Day_12</Filter>
    </ClCompile>
    <ClCompile Include="기출1_1-2_재귀함수.c">
      <Filter>소스 파일\기출1</Filter>
    </ClCompile>
    <ClCompile Include="문자열마지막출력3ver.c">
      <Filter>소스 파일\Day_12</Filter>
    </ClCompile>
    <ClCompile Include="기출1_3_cos기출문제만들기.c">
      <Filter>소스 파일\기출1</Filter>
    </ClCompile>
    <ClCompile Include="array와상수문자열차이점.c">
      <Filter>소스 파일\Day_12</Filter>
    </ClCompile>
    <ClCompile Include="문자열합치기3ver.c">
      <Filter>소스 파일\Day_12</Filter>
    </ClCompile>
    <ClCompile Include="malloc과free.c">
      <Filter>소스 파일\Day_12</Filter>
    </ClCompile>
    <ClCompile Include="cmd로argc_argv.c">
      <Filter>소스 파일\Day_12</Filter>
    </ClCompile>
    <ClCompile Include="간단한지역전역상수응용.c">
      <Filter>소스 파일\Day_13</Filter>
    </ClCompile>
    <ClCompile Include="cmd로복습.c">
      <Filter>소스 파일\Day_13</Filter>
    </ClCompile>
    <ClCompile Include="파일복사프로그램.c">
      <Filter>소스 파일\Day_13</Filter>
    </ClCompile>
    <ClCompile Include="구조체입문_점수평균.c">
      <Filter>소스 파일\Day_13</Filter>
    </ClCompile>
    <ClCompile Include="기출1_4_그냥코드확인만.c">
      <Filter>소스 파일\기출1</Filter>
    </ClCompile>
    <ClCompile Include="기출1_5_재귀factorial.c">
      <Filter>소스 파일\기출1</Filter>
    </ClCompile>
    <ClCompile Include="기출1_6_출력값예측문제.c">
      <Filter>소스 파일\기출1</Filter>
    </ClCompile>
    <ClCompile Include="기출1_7_recursive함수.c">
      <Filter>소스 파일\기출1</Filter>
    </ClCompile>
    <ClCompile Include="기출1_8_연산순서.c">
      <Filter>소스 파일\기출1</Filter>
    </ClCompile>
    <ClCompile Include="기출1_9_조건문.c">
      <Filter>소스 파일\기출1</Filter>
    </ClCompile>
    <ClCompile Include="기출1_10_숫자거꾸로함수.c">
      <Filter>소스 파일\기출1</Filter>
    </ClCompile>
    <ClCompile Include="기출1_11_대문자소문자로.c">
      <Filter>소스 파일\기출1</Filter>
    </ClCompile>
    <ClCompile Include="기출5_1_다음은여기.c">
      <Filter>소스 파일\기출5</Filter>
    </ClCompile>
    <ClCompile Include="기출1_12_mceiling함수.c">
      <Filter>소스 파일\기출1</Filter>
    </ClCompile>
    <ClCompile Include="기출1_13_전역변수지역변수문제.c">
      <Filter>소스 파일\기출1</Filter>
    </ClCompile>
    <ClCompile Include="기출1_14(1)-16(3)_컴파일관련문제.c">
      <Filter>소스 파일\기출1</Filter>
    </ClCompile>
    <ClCompile Include="기출1_17(4)_사전비교.c">
      <Filter>소스 파일\기출1</Filter>
    </ClCompile>
    <ClCompile Include="typedef사용하기.c">
      <Filter>소스 파일\Day_14</Filter>
    </ClCompile>
    <ClCompile Include="시간계산프로그래밍.c">
      <Filter>소스 파일\Day_14</Filter>
    </ClCompile>
    <ClCompile Include="기출2_1_monthday문제.c">
      <Filter>소스 파일\기출2</Filter>
    </ClCompile>
    <ClCompile Include="함수끼리주소차이보여주기.c">
      <Filter>소스 파일\Day_14</Filter>
    </ClCompile>
    <ClCompile Include="시간계산포인터로.c">
      <Filter>소스 파일\Day_14</Filter>
    </ClCompile>
    <ClCompile Include="기출1_18(5)_이름바꾸기.c">
      <Filter>소스 파일\기출1</Filter>
    </ClCompile>
    <ClCompile Include="기출1_19(6)_출력값비교1.c">
      <Filter>소스 파일\기출1</Filter>
    </ClCompile>
    <ClCompile Include="기출1_20(7)_출력값비교2.c">
      <Filter>소스 파일\기출1</Filter>
    </ClCompile>
    <ClCompile Include="기출1_21(8)_출력값비교3.c">
      <Filter>소스 파일\기출1</Filter>
    </ClCompile>
    <ClCompile Include="기출1_22%289%29-24%2811%29_출력값비교4.c">
      <Filter>소스 파일\기출1</Filter>
    </ClCompile>
    <ClCompile Include="기출1_25(12)_argv문제문제.c">
      <Filter>소스 파일\기출1</Filter>
    </ClCompile>
    <ClCompile Include="기출1_29(16)_transpose문제.c">
      <Filter>소스 파일\기출1</Filter>
    </ClCompile>
    <ClCompile Include="기출1_30(17)_공란없애기.c">
      <Filter>소스 파일\기출1</Filter>
    </ClCompile>
    <ClCompile Include="기출2_12(1)_구조체활용.c">
      <Filter>소스 파일\기출2</Filter>
    </ClCompile>
    <ClCompile Include="C015042김연준p2.c">
      <Filter>소스 파일\기말고사</Filter>
    </ClCompile>
    <ClCompile Include="C015042.c">
      <Filter>소스 파일\기말고사</Filter>
    </ClCompile>
    <ClCompile Include="빈칸용.c">
      <Filter>소스 파일\기말고사</Filter>
    </ClCompile>
  </ItemGroup>
</Project>